
Microsoft Visual Studio Solution File, Format Version 12.00
# Visual Studio Version 17
VisualStudioVersion = 17.8.34322.80
MinimumVisualStudioVersion = 10.0.40219.1
Project("{888888A0-9F3D-457C-B088-3A5042F75D52}") = "bot", "bot.pyproj", "{B52A677D-18B9-495A-B12E-4CC9AA625EBB}"
EndProject
Global
	GlobalSection(SolutionConfigurationPlatforms) = preSolution
		Debug|Any CPU = Debug|Any CPU
		Release|Any CPU = Release|Any CPU
	EndGlobalSection
	GlobalSection(ProjectConfigurationPlatforms) = postSolution
		{B52A677D-18B9-495A-B12E-4CC9AA625EBB}.Debug|Any CPU.ActiveCfg = Debug|Any CPU
		{B52A677D-18B9-495A-B12E-4CC9AA625EBB}.Debug|Any CPU.Build.0 = Debug|Any CPU
		{B52A677D-18B9-495A-B12E-4CC9AA625EBB}.Release|Any CPU.ActiveCfg = Release|Any CPU
		{B52A677D-18B9-495A-B12E-4CC9AA625EBB}.Release|Any CPU.Build.0 = Release|Any CPU
	EndGlobalSection
	GlobalSection(SolutionProperties) = preSolution
		HideSolutionNode = FALSE
	EndGlobalSection
	GlobalSection(ExtensibilityGlobals) = postSolution
		SolutionGuid = {9382ACBC-4657-4C66-A0CA-BFE94753539E}
	EndGlobalSection
EndGlobal
